
Microsoft Visual Studio Solution File, Format Version 12.00
# Visual Studio Version 17
VisualStudioVersion = 17.11.35327.3
MinimumVisualStudioVersion = 10.0.40219.1
Project("{FAE04EC0-301F-11D3-BF4B-00C04F79EFBC}") = "BoltEd", "BoltEd.csproj", "{13DACF7B-1DF3-4AA2-AFD1-1576E5D571E4}"
EndProject
Global
	GlobalSection(SolutionConfigurationPlatforms) = preSolution
		Debug|Any CPU = Debug|Any CPU
		Release|Any CPU = Release|Any CPU
	EndGlobalSection
	GlobalSection(ProjectConfigurationPlatforms) = postSolution
		{13DACF7B-1DF3-4AA2-AFD1-1576E5D571E4}.Debug|Any CPU.ActiveCfg = Debug|Any CPU
		{13DACF7B-1DF3-4AA2-AFD1-1576E5D571E4}.Debug|Any CPU.Build.0 = Debug|Any CPU
		{13DACF7B-1DF3-4AA2-AFD1-1576E5D571E4}.Release|Any CPU.ActiveCfg = Release|Any CPU
		{13DACF7B-1DF3-4AA2-AFD1-1576E5D571E4}.Release|Any CPU.Build.0 = Release|Any CPU
	EndGlobalSection
	GlobalSection(SolutionProperties) = preSolution
		HideSolutionNode = FALSE
	EndGlobalSection
	GlobalSection(ExtensibilityGlobals) = postSolution
		SolutionGuid = {3AB32385-BA82-44EB-8F0C-D7A20511FE37}
	EndGlobalSection
EndGlobal
